
Microsoft Visual Studio Solution File, Format Version 12.00
# Visual Studio Version 16
VisualStudioVersion = 16.0.28803.202
MinimumVisualStudioVersion = 10.0.40219.1
Project("{6EC3EE1D-3C4E-46DD-8F32-0CC8E7565705}") = "Context", "Context\Context.fsproj", "{68BBCC40-6113-439E-B3D1-828175264495}"
EndProject
Global
	GlobalSection(SolutionConfigurationPlatforms) = preSolution
		Debug|Any CPU = Debug|Any CPU
		Release|Any CPU = Release|Any CPU
	EndGlobalSection
	GlobalSection(ProjectConfigurationPlatforms) = postSolution
		{68BBCC40-6113-439E-B3D1-828175264495}.Debug|Any CPU.ActiveCfg = Debug|Any CPU
		{68BBCC40-6113-439E-B3D1-828175264495}.Debug|Any CPU.Build.0 = Debug|Any CPU
		{68BBCC40-6113-439E-B3D1-828175264495}.Release|Any CPU.ActiveCfg = Release|Any CPU
		{68BBCC40-6113-439E-B3D1-828175264495}.Release|Any CPU.Build.0 = Release|Any CPU
	EndGlobalSection
	GlobalSection(SolutionProperties) = preSolution
		HideSolutionNode = FALSE
	EndGlobalSection
	GlobalSection(ExtensibilityGlobals) = postSolution
		SolutionGuid = {CE82AF37-5EB6-4E3A-B5F6-C15758F2F517}
	EndGlobalSection
EndGlobal
